// !$*UTF8*$!
{
	archiveVersion = 1;
	classes = {
	};
	objectVersion = 55;
	objects = {

/* Begin PBXBuildFile section */
		5D3B74072B89E22600DDC032 /* VCSettingsHolder.swift in Sources */ = {isa = PBXBuildFile; fileRef = 5D3B74052B89E22600DDC032 /* VCSettingsHolder.swift */; };
		5D3B74082B89E22600DDC032 /* VCSettingsHolder.xib in Resources */ = {isa = PBXBuildFile; fileRef = 5D3B74062B89E22600DDC032 /* VCSettingsHolder.xib */; };
		5D4B3CA02B73B24F000B9DAE /* AppDelegate.swift in Sources */ = {isa = PBXBuildFile; fileRef = 5D4B3C9F2B73B24F000B9DAE /* AppDelegate.swift */; };
		5D4B3CA22B73B24F000B9DAE /* SceneDelegate.swift in Sources */ = {isa = PBXBuildFile; fileRef = 5D4B3CA12B73B24F000B9DAE /* SceneDelegate.swift */; };
		5D4B3CAA2B73B24F000B9DAE /* CrossLand2.xcdatamodeld in Sources */ = {isa = PBXBuildFile; fileRef = 5D4B3CA82B73B24F000B9DAE /* CrossLand2.xcdatamodeld */; };
		5D4B3CAC2B73B252000B9DAE /* Assets.xcassets in Resources */ = {isa = PBXBuildFile; fileRef = 5D4B3CAB2B73B252000B9DAE /* Assets.xcassets */; };
		5D4B3CAF2B73B252000B9DAE /* LaunchScreen.storyboard in Resources */ = {isa = PBXBuildFile; fileRef = 5D4B3CAD2B73B252000B9DAE /* LaunchScreen.storyboard */; };
		5D527B1F2B8623CF00F6A2AA /* VCCellLoading.swift in Sources */ = {isa = PBXBuildFile; fileRef = 5D527B1D2B8623CF00F6A2AA /* VCCellLoading.swift */; };
		5D527B202B8623CF00F6A2AA /* VCCellLoading.xib in Resources */ = {isa = PBXBuildFile; fileRef = 5D527B1E2B8623CF00F6A2AA /* VCCellLoading.xib */; };
		5D527B222B863F8E00F6A2AA /* SUSettings.swift in Sources */ = {isa = PBXBuildFile; fileRef = 5D527B212B863F8E00F6A2AA /* SUSettings.swift */; };
		5D97311B2B8AD7F6009D3E60 /* VCForumNav.swift in Sources */ = {isa = PBXBuildFile; fileRef = 5D9731192B8AD7F6009D3E60 /* VCForumNav.swift */; };
		5D97311C2B8AD7F6009D3E60 /* VCForumNav.xib in Resources */ = {isa = PBXBuildFile; fileRef = 5D97311A2B8AD7F6009D3E60 /* VCForumNav.xib */; };
		5D97311F2B8B1834009D3E60 /* SkeletonView in Frameworks */ = {isa = PBXBuildFile; productRef = 5D97311E2B8B1834009D3E60 /* SkeletonView */; };
		5D989B562B85B18D0054E243 /* VCWhatsNew.swift in Sources */ = {isa = PBXBuildFile; fileRef = 5D989B542B85B18C0054E243 /* VCWhatsNew.swift */; };
		5D989B572B85B18D0054E243 /* VCWhatsNew.xib in Resources */ = {isa = PBXBuildFile; fileRef = 5D989B552B85B18C0054E243 /* VCWhatsNew.xib */; };
		5DA3FFE22B748CBD003B80AE /* VCDebug.swift in Sources */ = {isa = PBXBuildFile; fileRef = 5DA3FFE02B748CBD003B80AE /* VCDebug.swift */; };
		5DA3FFE32B748CBD003B80AE /* VCDebug.xib in Resources */ = {isa = PBXBuildFile; fileRef = 5DA3FFE12B748CBD003B80AE /* VCDebug.xib */; };
		5DA3FFE62B748D13003B80AE /* Main.storyboard in Resources */ = {isa = PBXBuildFile; fileRef = 5DA3FFE42B748D13003B80AE /* Main.storyboard */; };
		5DA3FFE72B748D13003B80AE /* ViewController.swift in Sources */ = {isa = PBXBuildFile; fileRef = 5DA3FFE52B748D13003B80AE /* ViewController.swift */; };
		5DA56A852B7B626B00ADFD08 /* SnapKit in Frameworks */ = {isa = PBXBuildFile; productRef = 5DA56A842B7B626B00ADFD08 /* SnapKit */; };
		5DA56A8A2B7B62F300ADFD08 /* Alamofire in Frameworks */ = {isa = PBXBuildFile; productRef = 5DA56A892B7B62F300ADFD08 /* Alamofire */; };
		5DA56A8D2B7B630800ADFD08 /* SwiftyJSON in Frameworks */ = {isa = PBXBuildFile; productRef = 5DA56A8C2B7B630800ADFD08 /* SwiftyJSON */; };
		5DA56A902B7B631E00ADFD08 /* AlamofireImage in Frameworks */ = {isa = PBXBuildFile; productRef = 5DA56A8F2B7B631E00ADFD08 /* AlamofireImage */; };
		5DA56A982B7B693A00ADFD08 /* VCBottomBar.swift in Sources */ = {isa = PBXBuildFile; fileRef = 5DA56A962B7B693A00ADFD08 /* VCBottomBar.swift */; };
		5DA56A992B7B693A00ADFD08 /* VCBottomBar.xib in Resources */ = {isa = PBXBuildFile; fileRef = 5DA56A972B7B693A00ADFD08 /* VCBottomBar.xib */; };
		5DA56A9E2B7B82E400ADFD08 /* VCForumView.swift in Sources */ = {isa = PBXBuildFile; fileRef = 5DA56A9C2B7B82E400ADFD08 /* VCForumView.swift */; };
		5DA56A9F2B7B82E400ADFD08 /* VCForumView.xib in Resources */ = {isa = PBXBuildFile; fileRef = 5DA56A9D2B7B82E400ADFD08 /* VCForumView.xib */; };
		5DA56AA32B7B841500ADFD08 /* VCCellForumTitle.swift in Sources */ = {isa = PBXBuildFile; fileRef = 5DA56AA12B7B841500ADFD08 /* VCCellForumTitle.swift */; };
		5DA56AA42B7B841500ADFD08 /* VCCellForumTitle.xib in Resources */ = {isa = PBXBuildFile; fileRef = 5DA56AA22B7B841500ADFD08 /* VCCellForumTitle.xib */; };
		5DA56AA62B7B8B8C00ADFD08 /* MNMarqueeView.swift in Sources */ = {isa = PBXBuildFile; fileRef = 5DA56AA52B7B8B8C00ADFD08 /* MNMarqueeView.swift */; };
		5DA56AAA2B7B9B9200ADFD08 /* JXMarqueeView.swift in Sources */ = {isa = PBXBuildFile; fileRef = 5DA56AA92B7B9B9100ADFD08 /* JXMarqueeView.swift */; };
		5DB2B3522B7DB393009ED2C3 /* LCStorage.swift in Sources */ = {isa = PBXBuildFile; fileRef = 5DB2B34D2B7DB392009ED2C3 /* LCStorage.swift */; };
		5DB2B3532B7DB393009ED2C3 /* LCAPI.swift in Sources */ = {isa = PBXBuildFile; fileRef = 5DB2B34E2B7DB392009ED2C3 /* LCAPI.swift */; };
		5DB2B3542B7DB393009ED2C3 /* LCRequest.swift in Sources */ = {isa = PBXBuildFile; fileRef = 5DB2B34F2B7DB392009ED2C3 /* LCRequest.swift */; };
		5DB2B3552B7DB393009ED2C3 /* LCDefaults.swift in Sources */ = {isa = PBXBuildFile; fileRef = 5DB2B3502B7DB392009ED2C3 /* LCDefaults.swift */; };
		5DB2B3562B7DB393009ED2C3 /* LCStruct.swift in Sources */ = {isa = PBXBuildFile; fileRef = 5DB2B3512B7DB393009ED2C3 /* LCStruct.swift */; };
		5DB2B3592B7DB631009ED2C3 /* VCNetworkCheck.swift in Sources */ = {isa = PBXBuildFile; fileRef = 5DB2B3572B7DB631009ED2C3 /* VCNetworkCheck.swift */; };
		5DB2B35A2B7DB631009ED2C3 /* VCNetworkCheck.xib in Resources */ = {isa = PBXBuildFile; fileRef = 5DB2B3582B7DB631009ED2C3 /* VCNetworkCheck.xib */; };
		5DB7778F2B804C5A006054DE /* TRAttributedFactory.swift in Sources */ = {isa = PBXBuildFile; fileRef = 5DB7778E2B804C5A006054DE /* TRAttributedFactory.swift */; };
		5DB9B0952B7C409200E02925 /* VCCellForumMain.swift in Sources */ = {isa = PBXBuildFile; fileRef = 5DB9B0932B7C409200E02925 /* VCCellForumMain.swift */; };
		5DB9B0962B7C409200E02925 /* VCCellForumMain.xib in Resources */ = {isa = PBXBuildFile; fileRef = 5DB9B0942B7C409200E02925 /* VCCellForumMain.xib */; };
		5DB9B0992B7C423900E02925 /* Hero in Frameworks */ = {isa = PBXBuildFile; productRef = 5DB9B0982B7C423900E02925 /* Hero */; };
		5DC2C4E02B7F8EF2007C44FF /* VCForumMain.swift in Sources */ = {isa = PBXBuildFile; fileRef = 5DC2C4DE2B7F8EF2007C44FF /* VCForumMain.swift */; };
		5DC2C4E12B7F8EF2007C44FF /* VCForumMain.xib in Resources */ = {isa = PBXBuildFile; fileRef = 5DC2C4DF2B7F8EF2007C44FF /* VCForumMain.xib */; };
		5DC2C4E42B7F9C68007C44FF /* TRButtonAnimation.swift in Sources */ = {isa = PBXBuildFile; fileRef = 5DC2C4E32B7F9C68007C44FF /* TRButtonAnimation.swift */; };
		5DCEA50A2B84A7BE005CA7FF /* ATRandomTypoAnimation.swift in Sources */ = {isa = PBXBuildFile; fileRef = 5DCEA4EA2B84A7BE005CA7FF /* ATRandomTypoAnimation.swift */; };
		5DCEA50B2B84A7BE005CA7FF /* AnimateText.swift in Sources */ = {isa = PBXBuildFile; fileRef = 5DCEA4EB2B84A7BE005CA7FF /* AnimateText.swift */; };
		5DCEA50C2B84A7BE005CA7FF /* ATTextAnimatable.swift in Sources */ = {isa = PBXBuildFile; fileRef = 5DCEA4ED2B84A7BE005CA7FF /* ATTextAnimatable.swift */; };
		5DCEA50D2B84A7BE005CA7FF /* ATTextAnimateEffect.swift in Sources */ = {isa = PBXBuildFile; fileRef = 5DCEA4EE2B84A7BE005CA7FF /* ATTextAnimateEffect.swift */; };
		5DCEA50E2B84A7BE005CA7FF /* ATElementData.swift in Sources */ = {isa = PBXBuildFile; fileRef = 5DCEA4F02B84A7BE005CA7FF /* ATElementData.swift */; };
		5DCEA50F2B84A7BE005CA7FF /* View+Extensions.swift in Sources */ = {isa = PBXBuildFile; fileRef = 5DCEA4F22B84A7BE005CA7FF /* View+Extensions.swift */; };
		5DCEA5102B84A7BE005CA7FF /* ATAnimateTextPreview.swift in Sources */ = {isa = PBXBuildFile; fileRef = 5DCEA4F42B84A7BE005CA7FF /* ATAnimateTextPreview.swift */; };
		5DCEA5112B84A7BE005CA7FF /* ATRandomTypoEffect.swift in Sources */ = {isa = PBXBuildFile; fileRef = 5DCEA4F72B84A7BE005CA7FF /* ATRandomTypoEffect.swift */; };
		5DCEA5122B84A7BE005CA7FF /* ATChimeBellEffect.swift in Sources */ = {isa = PBXBuildFile; fileRef = 5DCEA4F82B84A7BE005CA7FF /* ATChimeBellEffect.swift */; };
		5DCEA5132B84A7BE005CA7FF /* ATDropEffect.swift in Sources */ = {isa = PBXBuildFile; fileRef = 5DCEA4F92B84A7BE005CA7FF /* ATDropEffect.swift */; };
		5DCEA5142B84A7BE005CA7FF /* ATHangEffect.swift in Sources */ = {isa = PBXBuildFile; fileRef = 5DCEA4FA2B84A7BE005CA7FF /* ATHangEffect.swift */; };
		5DCEA5152B84A7BE005CA7FF /* ATTypoEffect.swift in Sources */ = {isa = PBXBuildFile; fileRef = 5DCEA4FB2B84A7BE005CA7FF /* ATTypoEffect.swift */; };
		5DCEA5162B84A7BE005CA7FF /* ATPaperEffect.swift in Sources */ = {isa = PBXBuildFile; fileRef = 5DCEA4FC2B84A7BE005CA7FF /* ATPaperEffect.swift */; };
		5DCEA5172B84A7BE005CA7FF /* ATCurtainEffect.swift in Sources */ = {isa = PBXBuildFile; fileRef = 5DCEA4FD2B84A7BE005CA7FF /* ATCurtainEffect.swift */; };
		5DCEA5182B84A7BE005CA7FF /* ATChainEffect.swift in Sources */ = {isa = PBXBuildFile; fileRef = 5DCEA4FE2B84A7BE005CA7FF /* ATChainEffect.swift */; };
		5DCEA5192B84A7BE005CA7FF /* ATSpringEffect.swift in Sources */ = {isa = PBXBuildFile; fileRef = 5DCEA4FF2B84A7BE005CA7FF /* ATSpringEffect.swift */; };
		5DCEA51A2B84A7BE005CA7FF /* ATTwistEffect.swift in Sources */ = {isa = PBXBuildFile; fileRef = 5DCEA5002B84A7BE005CA7FF /* ATTwistEffect.swift */; };
		5DCEA51B2B84A7BE005CA7FF /* ATBlurEffect.swift in Sources */ = {isa = PBXBuildFile; fileRef = 5DCEA5022B84A7BE005CA7FF /* ATBlurEffect.swift */; };
		5DCEA51C2B84A7BE005CA7FF /* ATBottomTopEffect.swift in Sources */ = {isa = PBXBuildFile; fileRef = 5DCEA5032B84A7BE005CA7FF /* ATBottomTopEffect.swift */; };
		5DCEA51D2B84A7BE005CA7FF /* ATOpacityEffect.swift in Sources */ = {isa = PBXBuildFile; fileRef = 5DCEA5042B84A7BE005CA7FF /* ATOpacityEffect.swift */; };
		5DCEA51E2B84A7BE005CA7FF /* ATSlideEffect.swift in Sources */ = {isa = PBXBuildFile; fileRef = 5DCEA5052B84A7BE005CA7FF /* ATSlideEffect.swift */; };
		5DCEA51F2B84A7BE005CA7FF /* ATScaleEffect.swift in Sources */ = {isa = PBXBuildFile; fileRef = 5DCEA5062B84A7BE005CA7FF /* ATScaleEffect.swift */; };
		5DCEA5202B84A7BE005CA7FF /* ATOffsetEffect.swift in Sources */ = {isa = PBXBuildFile; fileRef = 5DCEA5072B84A7BE005CA7FF /* ATOffsetEffect.swift */; };
		5DCEA5212B84A7BE005CA7FF /* ATTopBottomEffect.swift in Sources */ = {isa = PBXBuildFile; fileRef = 5DCEA5082B84A7BE005CA7FF /* ATTopBottomEffect.swift */; };
		5DCEA5222B84A7BE005CA7FF /* ATRotateEffect.swift in Sources */ = {isa = PBXBuildFile; fileRef = 5DCEA5092B84A7BE005CA7FF /* ATRotateEffect.swift */; };
		5DCEA5242B84AD1C005CA7FF /* TUAnimeText.swift in Sources */ = {isa = PBXBuildFile; fileRef = 5DCEA5232B84AD1C005CA7FF /* TUAnimeText.swift */; };
		5DE01D652B8B3FD300FBD5C3 /* Acknowledgement.rtf in Resources */ = {isa = PBXBuildFile; fileRef = 5DE01D642B8B3FD300FBD5C3 /* Acknowledgement.rtf */; };
		5DE01D6B2B8B7E1E00FBD5C3 /* TRSS.swift in Sources */ = {isa = PBXBuildFile; fileRef = 5DE01D6A2B8B7E1E00FBD5C3 /* TRSS.swift */; };
/* End PBXBuildFile section */

/* Begin PBXCopyFilesBuildPhase section */
		5DA56A9B2B7B6AF400ADFD08 /* Embed Frameworks */ = {
			isa = PBXCopyFilesBuildPhase;
			buildActionMask = 2147483647;
			dstPath = "";
			dstSubfolderSpec = 10;
			files = (
			);
			name = "Embed Frameworks";
			runOnlyForDeploymentPostprocessing = 0;
		};
/* End PBXCopyFilesBuildPhase section */

/* Begin PBXFileReference section */
		5D3B74052B89E22600DDC032 /* VCSettingsHolder.swift */ = {isa = PBXFileReference; lastKnownFileType = sourcecode.swift; path = VCSettingsHolder.swift; sourceTree = "<group>"; };
		5D3B74062B89E22600DDC032 /* VCSettingsHolder.xib */ = {isa = PBXFileReference; lastKnownFileType = file.xib; path = VCSettingsHolder.xib; sourceTree = "<group>"; };
		5D4B3C9C2B73B24F000B9DAE /* CrossLand2.app */ = {isa = PBXFileReference; explicitFileType = wrapper.application; includeInIndex = 0; path = CrossLand2.app; sourceTree = BUILT_PRODUCTS_DIR; };
		5D4B3C9F2B73B24F000B9DAE /* AppDelegate.swift */ = {isa = PBXFileReference; lastKnownFileType = sourcecode.swift; path = AppDelegate.swift; sourceTree = "<group>"; };
		5D4B3CA12B73B24F000B9DAE /* SceneDelegate.swift */ = {isa = PBXFileReference; lastKnownFileType = sourcecode.swift; path = SceneDelegate.swift; sourceTree = "<group>"; };
		5D4B3CA92B73B24F000B9DAE /* CrossLand2.xcdatamodel */ = {isa = PBXFileReference; lastKnownFileType = wrapper.xcdatamodel; path = CrossLand2.xcdatamodel; sourceTree = "<group>"; };
		5D4B3CAB2B73B252000B9DAE /* Assets.xcassets */ = {isa = PBXFileReference; lastKnownFileType = folder.assetcatalog; path = Assets.xcassets; sourceTree = "<group>"; };
		5D4B3CAE2B73B252000B9DAE /* Base */ = {isa = PBXFileReference; lastKnownFileType = file.storyboard; name = Base; path = Base.lproj/LaunchScreen.storyboard; sourceTree = "<group>"; };
		5D4B3CB02B73B252000B9DAE /* Info.plist */ = {isa = PBXFileReference; lastKnownFileType = text.plist.xml; path = Info.plist; sourceTree = "<group>"; };
		5D4B3CB62B73B25E000B9DAE /* CrossLand2.entitlements */ = {isa = PBXFileReference; lastKnownFileType = text.plist.entitlements; path = CrossLand2.entitlements; sourceTree = "<group>"; };
		5D527B1D2B8623CF00F6A2AA /* VCCellLoading.swift */ = {isa = PBXFileReference; lastKnownFileType = sourcecode.swift; path = VCCellLoading.swift; sourceTree = "<group>"; };
		5D527B1E2B8623CF00F6A2AA /* VCCellLoading.xib */ = {isa = PBXFileReference; lastKnownFileType = file.xib; path = VCCellLoading.xib; sourceTree = "<group>"; };
		5D527B212B863F8E00F6A2AA /* SUSettings.swift */ = {isa = PBXFileReference; lastKnownFileType = sourcecode.swift; path = SUSettings.swift; sourceTree = "<group>"; };
		5D9731192B8AD7F6009D3E60 /* VCForumNav.swift */ = {isa = PBXFileReference; lastKnownFileType = sourcecode.swift; path = VCForumNav.swift; sourceTree = "<group>"; };
		5D97311A2B8AD7F6009D3E60 /* VCForumNav.xib */ = {isa = PBXFileReference; lastKnownFileType = file.xib; path = VCForumNav.xib; sourceTree = "<group>"; };
		5D989B542B85B18C0054E243 /* VCWhatsNew.swift */ = {isa = PBXFileReference; fileEncoding = 4; lastKnownFileType = sourcecode.swift; path = VCWhatsNew.swift; sourceTree = "<group>"; };
		5D989B552B85B18C0054E243 /* VCWhatsNew.xib */ = {isa = PBXFileReference; fileEncoding = 4; lastKnownFileType = file.xib; path = VCWhatsNew.xib; sourceTree = "<group>"; };
		5DA3FFE02B748CBD003B80AE /* VCDebug.swift */ = {isa = PBXFileReference; lastKnownFileType = sourcecode.swift; path = VCDebug.swift; sourceTree = "<group>"; };
		5DA3FFE12B748CBD003B80AE /* VCDebug.xib */ = {isa = PBXFileReference; lastKnownFileType = file.xib; path = VCDebug.xib; sourceTree = "<group>"; };
		5DA3FFE42B748D13003B80AE /* Main.storyboard */ = {isa = PBXFileReference; fileEncoding = 4; lastKnownFileType = file.storyboard; path = Main.storyboard; sourceTree = "<group>"; };
		5DA3FFE52B748D13003B80AE /* ViewController.swift */ = {isa = PBXFileReference; fileEncoding = 4; lastKnownFileType = sourcecode.swift; path = ViewController.swift; sourceTree = "<group>"; };
		5DA56A962B7B693A00ADFD08 /* VCBottomBar.swift */ = {isa = PBXFileReference; lastKnownFileType = sourcecode.swift; path = VCBottomBar.swift; sourceTree = "<group>"; };
		5DA56A972B7B693A00ADFD08 /* VCBottomBar.xib */ = {isa = PBXFileReference; lastKnownFileType = file.xib; path = VCBottomBar.xib; sourceTree = "<group>"; };
		5DA56A9C2B7B82E400ADFD08 /* VCForumView.swift */ = {isa = PBXFileReference; lastKnownFileType = sourcecode.swift; path = VCForumView.swift; sourceTree = "<group>"; };
		5DA56A9D2B7B82E400ADFD08 /* VCForumView.xib */ = {isa = PBXFileReference; lastKnownFileType = file.xib; path = VCForumView.xib; sourceTree = "<group>"; };
		5DA56AA12B7B841500ADFD08 /* VCCellForumTitle.swift */ = {isa = PBXFileReference; lastKnownFileType = sourcecode.swift; path = VCCellForumTitle.swift; sourceTree = "<group>"; };
		5DA56AA22B7B841500ADFD08 /* VCCellForumTitle.xib */ = {isa = PBXFileReference; lastKnownFileType = file.xib; path = VCCellForumTitle.xib; sourceTree = "<group>"; };
		5DA56AA52B7B8B8C00ADFD08 /* MNMarqueeView.swift */ = {isa = PBXFileReference; fileEncoding = 4; lastKnownFileType = sourcecode.swift; path = MNMarqueeView.swift; sourceTree = "<group>"; };
		5DA56AA72B7B92EB00ADFD08 /* Acknowledgement.md */ = {isa = PBXFileReference; lastKnownFileType = net.daringfireball.markdown; path = Acknowledgement.md; sourceTree = "<group>"; };
		5DA56AA92B7B9B9100ADFD08 /* JXMarqueeView.swift */ = {isa = PBXFileReference; fileEncoding = 4; lastKnownFileType = sourcecode.swift; path = JXMarqueeView.swift; sourceTree = "<group>"; };
		5DB2B34D2B7DB392009ED2C3 /* LCStorage.swift */ = {isa = PBXFileReference; fileEncoding = 4; lastKnownFileType = sourcecode.swift; path = LCStorage.swift; sourceTree = "<group>"; };
		5DB2B34E2B7DB392009ED2C3 /* LCAPI.swift */ = {isa = PBXFileReference; fileEncoding = 4; lastKnownFileType = sourcecode.swift; path = LCAPI.swift; sourceTree = "<group>"; };
		5DB2B34F2B7DB392009ED2C3 /* LCRequest.swift */ = {isa = PBXFileReference; fileEncoding = 4; lastKnownFileType = sourcecode.swift; path = LCRequest.swift; sourceTree = "<group>"; };
		5DB2B3502B7DB392009ED2C3 /* LCDefaults.swift */ = {isa = PBXFileReference; fileEncoding = 4; lastKnownFileType = sourcecode.swift; path = LCDefaults.swift; sourceTree = "<group>"; };
		5DB2B3512B7DB393009ED2C3 /* LCStruct.swift */ = {isa = PBXFileReference; fileEncoding = 4; lastKnownFileType = sourcecode.swift; path = LCStruct.swift; sourceTree = "<group>"; };
		5DB2B3572B7DB631009ED2C3 /* VCNetworkCheck.swift */ = {isa = PBXFileReference; lastKnownFileType = sourcecode.swift; path = VCNetworkCheck.swift; sourceTree = "<group>"; };
		5DB2B3582B7DB631009ED2C3 /* VCNetworkCheck.xib */ = {isa = PBXFileReference; lastKnownFileType = file.xib; path = VCNetworkCheck.xib; sourceTree = "<group>"; };
		5DB7778E2B804C5A006054DE /* TRAttributedFactory.swift */ = {isa = PBXFileReference; lastKnownFileType = sourcecode.swift; path = TRAttributedFactory.swift; sourceTree = "<group>"; };
		5DB9B0932B7C409200E02925 /* VCCellForumMain.swift */ = {isa = PBXFileReference; lastKnownFileType = sourcecode.swift; path = VCCellForumMain.swift; sourceTree = "<group>"; };
		5DB9B0942B7C409200E02925 /* VCCellForumMain.xib */ = {isa = PBXFileReference; lastKnownFileType = file.xib; path = VCCellForumMain.xib; sourceTree = "<group>"; };
		5DC2C4DE2B7F8EF2007C44FF /* VCForumMain.swift */ = {isa = PBXFileReference; lastKnownFileType = sourcecode.swift; path = VCForumMain.swift; sourceTree = "<group>"; };
		5DC2C4DF2B7F8EF2007C44FF /* VCForumMain.xib */ = {isa = PBXFileReference; lastKnownFileType = file.xib; path = VCForumMain.xib; sourceTree = "<group>"; };
		5DC2C4E32B7F9C68007C44FF /* TRButtonAnimation.swift */ = {isa = PBXFileReference; lastKnownFileType = sourcecode.swift; path = TRButtonAnimation.swift; sourceTree = "<group>"; };
		5DCEA4EA2B84A7BE005CA7FF /* ATRandomTypoAnimation.swift */ = {isa = PBXFileReference; fileEncoding = 4; lastKnownFileType = sourcecode.swift; path = ATRandomTypoAnimation.swift; sourceTree = "<group>"; };
		5DCEA4EB2B84A7BE005CA7FF /* AnimateText.swift */ = {isa = PBXFileReference; fileEncoding = 4; lastKnownFileType = sourcecode.swift; path = AnimateText.swift; sourceTree = "<group>"; };
		5DCEA4ED2B84A7BE005CA7FF /* ATTextAnimatable.swift */ = {isa = PBXFileReference; fileEncoding = 4; lastKnownFileType = sourcecode.swift; path = ATTextAnimatable.swift; sourceTree = "<group>"; };
		5DCEA4EE2B84A7BE005CA7FF /* ATTextAnimateEffect.swift */ = {isa = PBXFileReference; fileEncoding = 4; lastKnownFileType = sourcecode.swift; path = ATTextAnimateEffect.swift; sourceTree = "<group>"; };
		5DCEA4F02B84A7BE005CA7FF /* ATElementData.swift */ = {isa = PBXFileReference; fileEncoding = 4; lastKnownFileType = sourcecode.swift; path = ATElementData.swift; sourceTree = "<group>"; };
		5DCEA4F22B84A7BE005CA7FF /* View+Extensions.swift */ = {isa = PBXFileReference; fileEncoding = 4; lastKnownFileType = sourcecode.swift; path = "View+Extensions.swift"; sourceTree = "<group>"; };
		5DCEA4F42B84A7BE005CA7FF /* ATAnimateTextPreview.swift */ = {isa = PBXFileReference; fileEncoding = 4; lastKnownFileType = sourcecode.swift; path = ATAnimateTextPreview.swift; sourceTree = "<group>"; };
		5DCEA4F72B84A7BE005CA7FF /* ATRandomTypoEffect.swift */ = {isa = PBXFileReference; fileEncoding = 4; lastKnownFileType = sourcecode.swift; path = ATRandomTypoEffect.swift; sourceTree = "<group>"; };
		5DCEA4F82B84A7BE005CA7FF /* ATChimeBellEffect.swift */ = {isa = PBXFileReference; fileEncoding = 4; lastKnownFileType = sourcecode.swift; path = ATChimeBellEffect.swift; sourceTree = "<group>"; };
		5DCEA4F92B84A7BE005CA7FF /* ATDropEffect.swift */ = {isa = PBXFileReference; fileEncoding = 4; lastKnownFileType = sourcecode.swift; path = ATDropEffect.swift; sourceTree = "<group>"; };
		5DCEA4FA2B84A7BE005CA7FF /* ATHangEffect.swift */ = {isa = PBXFileReference; fileEncoding = 4; lastKnownFileType = sourcecode.swift; path = ATHangEffect.swift; sourceTree = "<group>"; };
		5DCEA4FB2B84A7BE005CA7FF /* ATTypoEffect.swift */ = {isa = PBXFileReference; fileEncoding = 4; lastKnownFileType = sourcecode.swift; path = ATTypoEffect.swift; sourceTree = "<group>"; };
		5DCEA4FC2B84A7BE005CA7FF /* ATPaperEffect.swift */ = {isa = PBXFileReference; fileEncoding = 4; lastKnownFileType = sourcecode.swift; path = ATPaperEffect.swift; sourceTree = "<group>"; };
		5DCEA4FD2B84A7BE005CA7FF /* ATCurtainEffect.swift */ = {isa = PBXFileReference; fileEncoding = 4; lastKnownFileType = sourcecode.swift; path = ATCurtainEffect.swift; sourceTree = "<group>"; };
		5DCEA4FE2B84A7BE005CA7FF /* ATChainEffect.swift */ = {isa = PBXFileReference; fileEncoding = 4; lastKnownFileType = sourcecode.swift; path = ATChainEffect.swift; sourceTree = "<group>"; };
		5DCEA4FF2B84A7BE005CA7FF /* ATSpringEffect.swift */ = {isa = PBXFileReference; fileEncoding = 4; lastKnownFileType = sourcecode.swift; path = ATSpringEffect.swift; sourceTree = "<group>"; };
		5DCEA5002B84A7BE005CA7FF /* ATTwistEffect.swift */ = {isa = PBXFileReference; fileEncoding = 4; lastKnownFileType = sourcecode.swift; path = ATTwistEffect.swift; sourceTree = "<group>"; };
		5DCEA5022B84A7BE005CA7FF /* ATBlurEffect.swift */ = {isa = PBXFileReference; fileEncoding = 4; lastKnownFileType = sourcecode.swift; path = ATBlurEffect.swift; sourceTree = "<group>"; };
		5DCEA5032B84A7BE005CA7FF /* ATBottomTopEffect.swift */ = {isa = PBXFileReference; fileEncoding = 4; lastKnownFileType = sourcecode.swift; path = ATBottomTopEffect.swift; sourceTree = "<group>"; };
		5DCEA5042B84A7BE005CA7FF /* ATOpacityEffect.swift */ = {isa = PBXFileReference; fileEncoding = 4; lastKnownFileType = sourcecode.swift; path = ATOpacityEffect.swift; sourceTree = "<group>"; };
		5DCEA5052B84A7BE005CA7FF /* ATSlideEffect.swift */ = {isa = PBXFileReference; fileEncoding = 4; lastKnownFileType = sourcecode.swift; path = ATSlideEffect.swift; sourceTree = "<group>"; };
		5DCEA5062B84A7BE005CA7FF /* ATScaleEffect.swift */ = {isa = PBXFileReference; fileEncoding = 4; lastKnownFileType = sourcecode.swift; path = ATScaleEffect.swift; sourceTree = "<group>"; };
		5DCEA5072B84A7BE005CA7FF /* ATOffsetEffect.swift */ = {isa = PBXFileReference; fileEncoding = 4; lastKnownFileType = sourcecode.swift; path = ATOffsetEffect.swift; sourceTree = "<group>"; };
		5DCEA5082B84A7BE005CA7FF /* ATTopBottomEffect.swift */ = {isa = PBXFileReference; fileEncoding = 4; lastKnownFileType = sourcecode.swift; path = ATTopBottomEffect.swift; sourceTree = "<group>"; };
		5DCEA5092B84A7BE005CA7FF /* ATRotateEffect.swift */ = {isa = PBXFileReference; fileEncoding = 4; lastKnownFileType = sourcecode.swift; path = ATRotateEffect.swift; sourceTree = "<group>"; };
		5DCEA5232B84AD1C005CA7FF /* TUAnimeText.swift */ = {isa = PBXFileReference; lastKnownFileType = sourcecode.swift; path = TUAnimeText.swift; sourceTree = "<group>"; };
		5DE01D642B8B3FD300FBD5C3 /* Acknowledgement.rtf */ = {isa = PBXFileReference; fileEncoding = 4; lastKnownFileType = text.rtf; path = Acknowledgement.rtf; sourceTree = "<group>"; };
		5DE01D6A2B8B7E1E00FBD5C3 /* TRSS.swift */ = {isa = PBXFileReference; lastKnownFileType = sourcecode.swift; path = TRSS.swift; sourceTree = "<group>"; };
/* End PBXFileReference section */

/* Begin PBXFrameworksBuildPhase section */
		5D4B3C992B73B24E000B9DAE /* Frameworks */ = {
			isa = PBXFrameworksBuildPhase;
			buildActionMask = 2147483647;
			files = (
				5DA56A8A2B7B62F300ADFD08 /* Alamofire in Frameworks */,
				5DA56A852B7B626B00ADFD08 /* SnapKit in Frameworks */,
				5DA56A902B7B631E00ADFD08 /* AlamofireImage in Frameworks */,
				5DB9B0992B7C423900E02925 /* Hero in Frameworks */,
				5D97311F2B8B1834009D3E60 /* SkeletonView in Frameworks */,
				5DA56A8D2B7B630800ADFD08 /* SwiftyJSON in Frameworks */,
			);
			runOnlyForDeploymentPostprocessing = 0;
		};
/* End PBXFrameworksBuildPhase section */

/* Begin PBXGroup section */
		5D4B3C932B73B24E000B9DAE = {
			isa = PBXGroup;
			children = (
				5D4B3C9E2B73B24F000B9DAE /* CrossLand2 */,
				5D4B3C9D2B73B24F000B9DAE /* Products */,
			);
			sourceTree = "<group>";
		};
		5D4B3C9D2B73B24F000B9DAE /* Products */ = {
			isa = PBXGroup;
			children = (
				5D4B3C9C2B73B24F000B9DAE /* CrossLand2.app */,
			);
			name = Products;
			sourceTree = "<group>";
		};
		5D4B3C9E2B73B24F000B9DAE /* CrossLand2 */ = {
			isa = PBXGroup;
			children = (
				5D989B532B85B17F0054E243 /* Guide */,
				5DCEA4E72B84A7A0005CA7FF /* Support */,
				5DA56A912B7B666600ADFD08 /* CoreLand */,
				5DA3FFDE2B748C88003B80AE /* MainLand */,
				5DA3FFDF2B748C94003B80AE /* Debug */,
				5DA3FFDB2B747227003B80AE /* Settings */,
				5DA3FFDA2B747012003B80AE /* Rotom */,
				5D4B3CB62B73B25E000B9DAE /* CrossLand2.entitlements */,
				5D4B3C9F2B73B24F000B9DAE /* AppDelegate.swift */,
				5D4B3CA12B73B24F000B9DAE /* SceneDelegate.swift */,
				5D4B3CAB2B73B252000B9DAE /* Assets.xcassets */,
				5DA3FFE42B748D13003B80AE /* Main.storyboard */,
				5DA3FFE52B748D13003B80AE /* ViewController.swift */,
				5D4B3CAD2B73B252000B9DAE /* LaunchScreen.storyboard */,
				5D4B3CB02B73B252000B9DAE /* Info.plist */,
				5D4B3CA82B73B24F000B9DAE /* CrossLand2.xcdatamodeld */,
				5DA56AA72B7B92EB00ADFD08 /* Acknowledgement.md */,
			);
			path = CrossLand2;
			sourceTree = "<group>";
		};
		5D989B532B85B17F0054E243 /* Guide */ = {
			isa = PBXGroup;
			children = (
				5D989B542B85B18C0054E243 /* VCWhatsNew.swift */,
				5D989B552B85B18C0054E243 /* VCWhatsNew.xib */,
			);
			path = Guide;
			sourceTree = "<group>";
		};
		5DA3FFDA2B747012003B80AE /* Rotom */ = {
			isa = PBXGroup;
			children = (
			);
			path = Rotom;
			sourceTree = "<group>";
		};
		5DA3FFDB2B747227003B80AE /* Settings */ = {
			isa = PBXGroup;
			children = (
				5DE01D642B8B3FD300FBD5C3 /* Acknowledgement.rtf */,
				5D527B212B863F8E00F6A2AA /* SUSettings.swift */,
				5D3B74052B89E22600DDC032 /* VCSettingsHolder.swift */,
				5D3B74062B89E22600DDC032 /* VCSettingsHolder.xib */,
			);
			path = Settings;
			sourceTree = "<group>";
		};
		5DA3FFDE2B748C88003B80AE /* MainLand */ = {
			isa = PBXGroup;
			children = (
				5DC2C4E22B7F9BDB007C44FF /* Library */,
				5DC0FC172B7F6A5F00181E89 /* Page */,
				5DB2B34C2B7DB291009ED2C3 /* Components */,
				5DA56AA02B7B836500ADFD08 /* Cell */,
			);
			path = MainLand;
			sourceTree = "<group>";
		};
		5DA3FFDF2B748C94003B80AE /* Debug */ = {
			isa = PBXGroup;
			children = (
				5DA3FFE02B748CBD003B80AE /* VCDebug.swift */,
				5DA3FFE12B748CBD003B80AE /* VCDebug.xib */,
				5DB2B3572B7DB631009ED2C3 /* VCNetworkCheck.swift */,
				5DB2B3582B7DB631009ED2C3 /* VCNetworkCheck.xib */,
			);
			path = Debug;
			sourceTree = "<group>";
		};
		5DA56A912B7B666600ADFD08 /* CoreLand */ = {
			isa = PBXGroup;
			children = (
				5DB2B34E2B7DB392009ED2C3 /* LCAPI.swift */,
				5DB2B3502B7DB392009ED2C3 /* LCDefaults.swift */,
				5DB2B34F2B7DB392009ED2C3 /* LCRequest.swift */,
				5DB2B34D2B7DB392009ED2C3 /* LCStorage.swift */,
				5DB2B3512B7DB393009ED2C3 /* LCStruct.swift */,
			);
			path = CoreLand;
			sourceTree = "<group>";
		};
		5DA56AA02B7B836500ADFD08 /* Cell */ = {
			isa = PBXGroup;
			children = (
				5DA56AA12B7B841500ADFD08 /* VCCellForumTitle.swift */,
				5DA56AA22B7B841500ADFD08 /* VCCellForumTitle.xib */,
				5DB9B0932B7C409200E02925 /* VCCellForumMain.swift */,
				5DB9B0942B7C409200E02925 /* VCCellForumMain.xib */,
				5D527B1D2B8623CF00F6A2AA /* VCCellLoading.swift */,
				5D527B1E2B8623CF00F6A2AA /* VCCellLoading.xib */,
			);
			path = Cell;
			sourceTree = "<group>";
		};
		5DB2B34C2B7DB291009ED2C3 /* Components */ = {
			isa = PBXGroup;
			children = (
				5DA56A962B7B693A00ADFD08 /* VCBottomBar.swift */,
				5DA56A972B7B693A00ADFD08 /* VCBottomBar.xib */,
				5DA56A9C2B7B82E400ADFD08 /* VCForumView.swift */,
				5DA56A9D2B7B82E400ADFD08 /* VCForumView.xib */,
			);
			path = Components;
			sourceTree = "<group>";
		};
		5DC0FC172B7F6A5F00181E89 /* Page */ = {
			isa = PBXGroup;
			children = (
				5DC2C4DE2B7F8EF2007C44FF /* VCForumMain.swift */,
				5DC2C4DF2B7F8EF2007C44FF /* VCForumMain.xib */,
				5D9731192B8AD7F6009D3E60 /* VCForumNav.swift */,
				5D97311A2B8AD7F6009D3E60 /* VCForumNav.xib */,
			);
			path = Page;
			sourceTree = "<group>";
		};
		5DC2C4E22B7F9BDB007C44FF /* Library */ = {
			isa = PBXGroup;
			children = (
				5DC2C4E32B7F9C68007C44FF /* TRButtonAnimation.swift */,
				5DB7778E2B804C5A006054DE /* TRAttributedFactory.swift */,
				5DCEA5232B84AD1C005CA7FF /* TUAnimeText.swift */,
				5DE01D6A2B8B7E1E00FBD5C3 /* TRSS.swift */,
			);
			path = Library;
			sourceTree = "<group>";
		};
		5DCEA4E72B84A7A0005CA7FF /* Support */ = {
			isa = PBXGroup;
			children = (
				5DCEA4E82B84A7BE005CA7FF /* AnimateText */,
				5DA56AA92B7B9B9100ADFD08 /* JXMarqueeView.swift */,
				5DA56AA52B7B8B8C00ADFD08 /* MNMarqueeView.swift */,
			);
			path = Support;
			sourceTree = "<group>";
		};
		5DCEA4E82B84A7BE005CA7FF /* AnimateText */ = {
			isa = PBXGroup;
			children = (
				5DCEA4EB2B84A7BE005CA7FF /* AnimateText.swift */,
				5DCEA4E92B84A7BE005CA7FF /* Modifiers */,
				5DCEA4EC2B84A7BE005CA7FF /* Protocol */,
				5DCEA4F12B84A7BE005CA7FF /* Extensions */,
				5DCEA4F32B84A7BE005CA7FF /* Preview */,
				5DCEA4F52B84A7BE005CA7FF /* Effects */,
			);
			path = AnimateText;
			sourceTree = "<group>";
		};
		5DCEA4E92B84A7BE005CA7FF /* Modifiers */ = {
			isa = PBXGroup;
			children = (
				5DCEA4EA2B84A7BE005CA7FF /* ATRandomTypoAnimation.swift */,
			);
			path = Modifiers;
			sourceTree = "<group>";
		};
		5DCEA4EC2B84A7BE005CA7FF /* Protocol */ = {
			isa = PBXGroup;
			children = (
				5DCEA4ED2B84A7BE005CA7FF /* ATTextAnimatable.swift */,
				5DCEA4EE2B84A7BE005CA7FF /* ATTextAnimateEffect.swift */,
				5DCEA4EF2B84A7BE005CA7FF /* Data */,
			);
			path = Protocol;
			sourceTree = "<group>";
		};
		5DCEA4EF2B84A7BE005CA7FF /* Data */ = {
			isa = PBXGroup;
			children = (
				5DCEA4F02B84A7BE005CA7FF /* ATElementData.swift */,
			);
			path = Data;
			sourceTree = "<group>";
		};
		5DCEA4F12B84A7BE005CA7FF /* Extensions */ = {
			isa = PBXGroup;
			children = (
				5DCEA4F22B84A7BE005CA7FF /* View+Extensions.swift */,
			);
			path = Extensions;
			sourceTree = "<group>";
		};
		5DCEA4F32B84A7BE005CA7FF /* Preview */ = {
			isa = PBXGroup;
			children = (
				5DCEA4F42B84A7BE005CA7FF /* ATAnimateTextPreview.swift */,
			);
			path = Preview;
			sourceTree = "<group>";
		};
		5DCEA4F52B84A7BE005CA7FF /* Effects */ = {
			isa = PBXGroup;
			children = (
				5DCEA4F62B84A7BE005CA7FF /* Advanced */,
				5DCEA5012B84A7BE005CA7FF /* Basic */,
			);
			path = Effects;
			sourceTree = "<group>";
		};
		5DCEA4F62B84A7BE005CA7FF /* Advanced */ = {
			isa = PBXGroup;
			children = (
				5DCEA4F72B84A7BE005CA7FF /* ATRandomTypoEffect.swift */,
				5DCEA4F82B84A7BE005CA7FF /* ATChimeBellEffect.swift */,
				5DCEA4F92B84A7BE005CA7FF /* ATDropEffect.swift */,
				5DCEA4FA2B84A7BE005CA7FF /* ATHangEffect.swift */,
				5DCEA4FB2B84A7BE005CA7FF /* ATTypoEffect.swift */,
				5DCEA4FC2B84A7BE005CA7FF /* ATPaperEffect.swift */,
				5DCEA4FD2B84A7BE005CA7FF /* ATCurtainEffect.swift */,
				5DCEA4FE2B84A7BE005CA7FF /* ATChainEffect.swift */,
				5DCEA4FF2B84A7BE005CA7FF /* ATSpringEffect.swift */,
				5DCEA5002B84A7BE005CA7FF /* ATTwistEffect.swift */,
			);
			path = Advanced;
			sourceTree = "<group>";
		};
		5DCEA5012B84A7BE005CA7FF /* Basic */ = {
			isa = PBXGroup;
			children = (
				5DCEA5022B84A7BE005CA7FF /* ATBlurEffect.swift */,
				5DCEA5032B84A7BE005CA7FF /* ATBottomTopEffect.swift */,
				5DCEA5042B84A7BE005CA7FF /* ATOpacityEffect.swift */,
				5DCEA5052B84A7BE005CA7FF /* ATSlideEffect.swift */,
				5DCEA5062B84A7BE005CA7FF /* ATScaleEffect.swift */,
				5DCEA5072B84A7BE005CA7FF /* ATOffsetEffect.swift */,
				5DCEA5082B84A7BE005CA7FF /* ATTopBottomEffect.swift */,
				5DCEA5092B84A7BE005CA7FF /* ATRotateEffect.swift */,
			);
			path = Basic;
			sourceTree = "<group>";
		};
/* End PBXGroup section */

/* Begin PBXNativeTarget section */
		5D4B3C9B2B73B24E000B9DAE /* CrossLand2 */ = {
			isa = PBXNativeTarget;
			buildConfigurationList = 5D4B3CB32B73B252000B9DAE /* Build configuration list for PBXNativeTarget "CrossLand2" */;
			buildPhases = (
				5D4B3C982B73B24E000B9DAE /* Sources */,
				5D4B3C992B73B24E000B9DAE /* Frameworks */,
				5D4B3C9A2B73B24E000B9DAE /* Resources */,
				5DA56A9B2B7B6AF400ADFD08 /* Embed Frameworks */,
			);
			buildRules = (
			);
			dependencies = (
			);
			name = CrossLand2;
			packageProductDependencies = (
				5DA56A842B7B626B00ADFD08 /* SnapKit */,
				5DA56A892B7B62F300ADFD08 /* Alamofire */,
				5DA56A8C2B7B630800ADFD08 /* SwiftyJSON */,
				5DA56A8F2B7B631E00ADFD08 /* AlamofireImage */,
				5DB9B0982B7C423900E02925 /* Hero */,
				5D97311E2B8B1834009D3E60 /* SkeletonView */,
			);
			productName = CrossLand2;
			productReference = 5D4B3C9C2B73B24F000B9DAE /* CrossLand2.app */;
			productType = "com.apple.product-type.application";
		};
/* End PBXNativeTarget section */

/* Begin PBXProject section */
		5D4B3C942B73B24E000B9DAE /* Project object */ = {
			isa = PBXProject;
			attributes = {
				BuildIndependentTargetsInParallel = 1;
				LastSwiftUpdateCheck = 1520;
				LastUpgradeCheck = 1520;
				ORGANIZATIONNAME = TRIStudio;
				TargetAttributes = {
					5D4B3C9B2B73B24E000B9DAE = {
						CreatedOnToolsVersion = 15.2;
					};
				};
			};
			buildConfigurationList = 5D4B3C972B73B24E000B9DAE /* Build configuration list for PBXProject "CrossLand2" */;
			compatibilityVersion = "Xcode 13.0";
			developmentRegion = en;
			hasScannedForEncodings = 0;
			knownRegions = (
				en,
				Base,
			);
			mainGroup = 5D4B3C932B73B24E000B9DAE;
			packageReferences = (
				5DA56A832B7B626B00ADFD08 /* XCRemoteSwiftPackageReference "SnapKit" */,
				5DA56A882B7B62F300ADFD08 /* XCRemoteSwiftPackageReference "Alamofire" */,
				5DA56A8B2B7B630800ADFD08 /* XCRemoteSwiftPackageReference "SwiftyJSON" */,
				5DA56A8E2B7B631E00ADFD08 /* XCRemoteSwiftPackageReference "AlamofireImage" */,
				5DB9B0972B7C423800E02925 /* XCRemoteSwiftPackageReference "Hero" */,
				5D97311D2B8B1834009D3E60 /* XCRemoteSwiftPackageReference "SkeletonView" */,
			);
			productRefGroup = 5D4B3C9D2B73B24F000B9DAE /* Products */;
			projectDirPath = "";
			projectRoot = "";
			targets = (
				5D4B3C9B2B73B24E000B9DAE /* CrossLand2 */,
			);
		};
/* End PBXProject section */

/* Begin PBXResourcesBuildPhase section */
		5D4B3C9A2B73B24E000B9DAE /* Resources */ = {
			isa = PBXResourcesBuildPhase;
			buildActionMask = 2147483647;
			files = (
				5DA3FFE32B748CBD003B80AE /* VCDebug.xib in Resources */,
				5D989B572B85B18D0054E243 /* VCWhatsNew.xib in Resources */,
				5DA56A9F2B7B82E400ADFD08 /* VCForumView.xib in Resources */,
				5DE01D652B8B3FD300FBD5C3 /* Acknowledgement.rtf in Resources */,
				5D527B202B8623CF00F6A2AA /* VCCellLoading.xib in Resources */,
				5DA56AA42B7B841500ADFD08 /* VCCellForumTitle.xib in Resources */,
				5DB9B0962B7C409200E02925 /* VCCellForumMain.xib in Resources */,
				5D97311C2B8AD7F6009D3E60 /* VCForumNav.xib in Resources */,
				5D3B74082B89E22600DDC032 /* VCSettingsHolder.xib in Resources */,
				5DC2C4E12B7F8EF2007C44FF /* VCForumMain.xib in Resources */,
				5DA56A992B7B693A00ADFD08 /* VCBottomBar.xib in Resources */,
				5D4B3CAF2B73B252000B9DAE /* LaunchScreen.storyboard in Resources */,
				5D4B3CAC2B73B252000B9DAE /* Assets.xcassets in Resources */,
				5DB2B35A2B7DB631009ED2C3 /* VCNetworkCheck.xib in Resources */,
				5DA3FFE62B748D13003B80AE /* Main.storyboard in Resources */,
			);
			runOnlyForDeploymentPostprocessing = 0;
		};
/* End PBXResourcesBuildPhase section */

/* Begin PBXSourcesBuildPhase section */
		5D4B3C982B73B24E000B9DAE /* Sources */ = {
			isa = PBXSourcesBuildPhase;
			buildActionMask = 2147483647;
			files = (
				5DA56AA62B7B8B8C00ADFD08 /* MNMarqueeView.swift in Sources */,
				5DCEA50F2B84A7BE005CA7FF /* View+Extensions.swift in Sources */,
				5DCEA5162B84A7BE005CA7FF /* ATPaperEffect.swift in Sources */,
				5DCEA5192B84A7BE005CA7FF /* ATSpringEffect.swift in Sources */,
				5DCEA51C2B84A7BE005CA7FF /* ATBottomTopEffect.swift in Sources */,
				5D989B562B85B18D0054E243 /* VCWhatsNew.swift in Sources */,
				5DB2B3532B7DB393009ED2C3 /* LCAPI.swift in Sources */,
				5DCEA5122B84A7BE005CA7FF /* ATChimeBellEffect.swift in Sources */,
				5DB2B3552B7DB393009ED2C3 /* LCDefaults.swift in Sources */,
				5DB2B3542B7DB393009ED2C3 /* LCRequest.swift in Sources */,
				5DB2B3592B7DB631009ED2C3 /* VCNetworkCheck.swift in Sources */,
				5DB2B3562B7DB393009ED2C3 /* LCStruct.swift in Sources */,
				5DCEA5212B84A7BE005CA7FF /* ATTopBottomEffect.swift in Sources */,
				5DC2C4E42B7F9C68007C44FF /* TRButtonAnimation.swift in Sources */,
				5DCEA5202B84A7BE005CA7FF /* ATOffsetEffect.swift in Sources */,
				5DCEA51F2B84A7BE005CA7FF /* ATScaleEffect.swift in Sources */,
				5DCEA5172B84A7BE005CA7FF /* ATCurtainEffect.swift in Sources */,
				5DA3FFE72B748D13003B80AE /* ViewController.swift in Sources */,
				5DC2C4E02B7F8EF2007C44FF /* VCForumMain.swift in Sources */,
				5D527B222B863F8E00F6A2AA /* SUSettings.swift in Sources */,
				5DCEA50C2B84A7BE005CA7FF /* ATTextAnimatable.swift in Sources */,
				5D3B74072B89E22600DDC032 /* VCSettingsHolder.swift in Sources */,
				5DB9B0952B7C409200E02925 /* VCCellForumMain.swift in Sources */,
				5DCEA5142B84A7BE005CA7FF /* ATHangEffect.swift in Sources */,
				5DCEA51B2B84A7BE005CA7FF /* ATBlurEffect.swift in Sources */,
				5DA3FFE22B748CBD003B80AE /* VCDebug.swift in Sources */,
				5DCEA50D2B84A7BE005CA7FF /* ATTextAnimateEffect.swift in Sources */,
				5D4B3CA02B73B24F000B9DAE /* AppDelegate.swift in Sources */,
				5DCEA5102B84A7BE005CA7FF /* ATAnimateTextPreview.swift in Sources */,
				5DCEA50E2B84A7BE005CA7FF /* ATElementData.swift in Sources */,
				5DCEA51A2B84A7BE005CA7FF /* ATTwistEffect.swift in Sources */,
				5D4B3CAA2B73B24F000B9DAE /* CrossLand2.xcdatamodeld in Sources */,
				5DA56AAA2B7B9B9200ADFD08 /* JXMarqueeView.swift in Sources */,
				5DCEA50B2B84A7BE005CA7FF /* AnimateText.swift in Sources */,
				5DCEA5112B84A7BE005CA7FF /* ATRandomTypoEffect.swift in Sources */,
				5DB2B3522B7DB393009ED2C3 /* LCStorage.swift in Sources */,
				5DCEA5242B84AD1C005CA7FF /* TUAnimeText.swift in Sources */,
				5DCEA5182B84A7BE005CA7FF /* ATChainEffect.swift in Sources */,
				5D527B1F2B8623CF00F6A2AA /* VCCellLoading.swift in Sources */,
				5DA56A9E2B7B82E400ADFD08 /* VCForumView.swift in Sources */,
				5DCEA5222B84A7BE005CA7FF /* ATRotateEffect.swift in Sources */,
				5DCEA51E2B84A7BE005CA7FF /* ATSlideEffect.swift in Sources */,
				5DCEA51D2B84A7BE005CA7FF /* ATOpacityEffect.swift in Sources */,
				5DCEA5152B84A7BE005CA7FF /* ATTypoEffect.swift in Sources */,
				5D97311B2B8AD7F6009D3E60 /* VCForumNav.swift in Sources */,
				5DE01D6B2B8B7E1E00FBD5C3 /* TRSS.swift in Sources */,
				5DA56AA32B7B841500ADFD08 /* VCCellForumTitle.swift in Sources */,
				5DCEA50A2B84A7BE005CA7FF /* ATRandomTypoAnimation.swift in Sources */,
				5DCEA5132B84A7BE005CA7FF /* ATDropEffect.swift in Sources */,
				5D4B3CA22B73B24F000B9DAE /* SceneDelegate.swift in Sources */,
				5DB7778F2B804C5A006054DE /* TRAttributedFactory.swift in Sources */,
				5DA56A982B7B693A00ADFD08 /* VCBottomBar.swift in Sources */,
			);
			runOnlyForDeploymentPostprocessing = 0;
		};
/* End PBXSourcesBuildPhase section */

/* Begin PBXVariantGroup section */
		5D4B3CAD2B73B252000B9DAE /* LaunchScreen.storyboard */ = {
			isa = PBXVariantGroup;
			children = (
				5D4B3CAE2B73B252000B9DAE /* Base */,
			);
			name = LaunchScreen.storyboard;
			sourceTree = "<group>";
		};
/* End PBXVariantGroup section */

/* Begin XCBuildConfiguration section */
		5D4B3CB12B73B252000B9DAE /* Debug */ = {
			isa = XCBuildConfiguration;
			buildSettings = {
				ALWAYS_SEARCH_USER_PATHS = NO;
				ASSETCATALOG_COMPILER_GENERATE_SWIFT_ASSET_SYMBOL_EXTENSIONS = YES;
				CLANG_ANALYZER_NONNULL = YES;
				CLANG_ANALYZER_NUMBER_OBJECT_CONVERSION = YES_AGGRESSIVE;
				CLANG_CXX_LANGUAGE_STANDARD = "gnu++20";
				CLANG_ENABLE_MODULES = YES;
				CLANG_ENABLE_OBJC_ARC = YES;
				CLANG_ENABLE_OBJC_WEAK = YES;
				CLANG_WARN_BLOCK_CAPTURE_AUTORELEASING = YES;
				CLANG_WARN_BOOL_CONVERSION = YES;
				CLANG_WARN_COMMA = YES;
				CLANG_WARN_CONSTANT_CONVERSION = YES;
				CLANG_WARN_DEPRECATED_OBJC_IMPLEMENTATIONS = YES;
				CLANG_WARN_DIRECT_OBJC_ISA_USAGE = YES_ERROR;
				CLANG_WARN_DOCUMENTATION_COMMENTS = YES;
				CLANG_WARN_EMPTY_BODY = YES;
				CLANG_WARN_ENUM_CONVERSION = YES;
				CLANG_WARN_INFINITE_RECURSION = YES;
				CLANG_WARN_INT_CONVERSION = YES;
				CLANG_WARN_NON_LITERAL_NULL_CONVERSION = YES;
				CLANG_WARN_OBJC_IMPLICIT_RETAIN_SELF = YES;
				CLANG_WARN_OBJC_LITERAL_CONVERSION = YES;
				CLANG_WARN_OBJC_ROOT_CLASS = YES_ERROR;
				CLANG_WARN_QUOTED_INCLUDE_IN_FRAMEWORK_HEADER = YES;
				CLANG_WARN_RANGE_LOOP_ANALYSIS = YES;
				CLANG_WARN_STRICT_PROTOTYPES = YES;
				CLANG_WARN_SUSPICIOUS_MOVE = YES;
				CLANG_WARN_UNGUARDED_AVAILABILITY = YES_AGGRESSIVE;
				CLANG_WARN_UNREACHABLE_CODE = YES;
				CLANG_WARN__DUPLICATE_METHOD_MATCH = YES;
				COPY_PHASE_STRIP = NO;
				DEBUG_INFORMATION_FORMAT = dwarf;
				ENABLE_STRICT_OBJC_MSGSEND = YES;
				ENABLE_TESTABILITY = YES;
				ENABLE_USER_SCRIPT_SANDBOXING = YES;
				GCC_C_LANGUAGE_STANDARD = gnu17;
				GCC_DYNAMIC_NO_PIC = NO;
				GCC_NO_COMMON_BLOCKS = YES;
				GCC_OPTIMIZATION_LEVEL = 0;
				GCC_PREPROCESSOR_DEFINITIONS = (
					"DEBUG=1",
					"$(inherited)",
				);
				GCC_WARN_64_TO_32_BIT_CONVERSION = YES;
				GCC_WARN_ABOUT_RETURN_TYPE = YES_ERROR;
				GCC_WARN_UNDECLARED_SELECTOR = YES;
				GCC_WARN_UNINITIALIZED_AUTOS = YES_AGGRESSIVE;
				GCC_WARN_UNUSED_FUNCTION = YES;
				GCC_WARN_UNUSED_VARIABLE = YES;
				IPHONEOS_DEPLOYMENT_TARGET = 14.0;
				LOCALIZATION_PREFERS_STRING_CATALOGS = YES;
				MTL_ENABLE_DEBUG_INFO = INCLUDE_SOURCE;
				MTL_FAST_MATH = YES;
				ONLY_ACTIVE_ARCH = YES;
				SDKROOT = iphoneos;
				SWIFT_ACTIVE_COMPILATION_CONDITIONS = "DEBUG $(inherited)";
				SWIFT_OPTIMIZATION_LEVEL = "-Onone";
			};
			name = Debug;
		};
		5D4B3CB22B73B252000B9DAE /* Release */ = {
			isa = XCBuildConfiguration;
			buildSettings = {
				ALWAYS_SEARCH_USER_PATHS = NO;
				ASSETCATALOG_COMPILER_GENERATE_SWIFT_ASSET_SYMBOL_EXTENSIONS = YES;
				CLANG_ANALYZER_NONNULL = YES;
				CLANG_ANALYZER_NUMBER_OBJECT_CONVERSION = YES_AGGRESSIVE;
				CLANG_CXX_LANGUAGE_STANDARD = "gnu++20";
				CLANG_ENABLE_MODULES = YES;
				CLANG_ENABLE_OBJC_ARC = YES;
				CLANG_ENABLE_OBJC_WEAK = YES;
				CLANG_WARN_BLOCK_CAPTURE_AUTORELEASING = YES;
				CLANG_WARN_BOOL_CONVERSION = YES;
				CLANG_WARN_COMMA = YES;
				CLANG_WARN_CONSTANT_CONVERSION = YES;
				CLANG_WARN_DEPRECATED_OBJC_IMPLEMENTATIONS = YES;
				CLANG_WARN_DIRECT_OBJC_ISA_USAGE = YES_ERROR;
				CLANG_WARN_DOCUMENTATION_COMMENTS = YES;
				CLANG_WARN_EMPTY_BODY = YES;
				CLANG_WARN_ENUM_CONVERSION = YES;
				CLANG_WARN_INFINITE_RECURSION = YES;
				CLANG_WARN_INT_CONVERSION = YES;
				CLANG_WARN_NON_LITERAL_NULL_CONVERSION = YES;
				CLANG_WARN_OBJC_IMPLICIT_RETAIN_SELF = YES;
				CLANG_WARN_OBJC_LITERAL_CONVERSION = YES;
				CLANG_WARN_OBJC_ROOT_CLASS = YES_ERROR;
				CLANG_WARN_QUOTED_INCLUDE_IN_FRAMEWORK_HEADER = YES;
				CLANG_WARN_RANGE_LOOP_ANALYSIS = YES;
				CLANG_WARN_STRICT_PROTOTYPES = YES;
				CLANG_WARN_SUSPICIOUS_MOVE = YES;
				CLANG_WARN_UNGUARDED_AVAILABILITY = YES_AGGRESSIVE;
				CLANG_WARN_UNREACHABLE_CODE = YES;
				CLANG_WARN__DUPLICATE_METHOD_MATCH = YES;
				COPY_PHASE_STRIP = NO;
				DEBUG_INFORMATION_FORMAT = "dwarf-with-dsym";
				ENABLE_NS_ASSERTIONS = NO;
				ENABLE_STRICT_OBJC_MSGSEND = YES;
				ENABLE_USER_SCRIPT_SANDBOXING = YES;
				GCC_C_LANGUAGE_STANDARD = gnu17;
				GCC_NO_COMMON_BLOCKS = YES;
				GCC_WARN_64_TO_32_BIT_CONVERSION = YES;
				GCC_WARN_ABOUT_RETURN_TYPE = YES_ERROR;
				GCC_WARN_UNDECLARED_SELECTOR = YES;
				GCC_WARN_UNINITIALIZED_AUTOS = YES_AGGRESSIVE;
				GCC_WARN_UNUSED_FUNCTION = YES;
				GCC_WARN_UNUSED_VARIABLE = YES;
				IPHONEOS_DEPLOYMENT_TARGET = 14.0;
				LOCALIZATION_PREFERS_STRING_CATALOGS = YES;
				MTL_ENABLE_DEBUG_INFO = NO;
				MTL_FAST_MATH = YES;
				SDKROOT = iphoneos;
				SWIFT_COMPILATION_MODE = wholemodule;
				VALIDATE_PRODUCT = YES;
			};
			name = Release;
		};
		5D4B3CB42B73B252000B9DAE /* Debug */ = {
			isa = XCBuildConfiguration;
			buildSettings = {
				ASSETCATALOG_COMPILER_APPICON_NAME = AppIcon;
				ASSETCATALOG_COMPILER_GLOBAL_ACCENT_COLOR_NAME = AccentColor;
				CODE_SIGN_ENTITLEMENTS = CrossLand2/CrossLand2.entitlements;
				CODE_SIGN_STYLE = Automatic;
				CURRENT_PROJECT_VERSION = 53;
				DEVELOPMENT_TEAM = FXSVDYCN2P;
				"ENABLE_HARDENED_RUNTIME[sdk=macosx*]" = YES;
				ENABLE_USER_SCRIPT_SANDBOXING = NO;
				GENERATE_INFOPLIST_FILE = YES;
				INFOPLIST_FILE = CrossLand2/Info.plist;
				INFOPLIST_KEY_CFBundleDisplayName = CrossLand;
				INFOPLIST_KEY_LSApplicationCategoryType = "public.app-category.social-networking";
				INFOPLIST_KEY_UIApplicationSupportsIndirectInputEvents = YES;
				INFOPLIST_KEY_UILaunchStoryboardName = LaunchScreen;
				INFOPLIST_KEY_UIMainStoryboardFile = Main;
				INFOPLIST_KEY_UISupportedInterfaceOrientations_iPad = "UIInterfaceOrientationPortrait UIInterfaceOrientationPortraitUpsideDown UIInterfaceOrientationLandscapeLeft UIInterfaceOrientationLandscapeRight";
				INFOPLIST_KEY_UISupportedInterfaceOrientations_iPhone = "UIInterfaceOrientationPortrait UIInterfaceOrientationLandscapeLeft UIInterfaceOrientationLandscapeRight";
				IPHONEOS_DEPLOYMENT_TARGET = 14.0;
				LD_RUNPATH_SEARCH_PATHS = (
					"$(inherited)",
					"@executable_path/Frameworks",
				);
				MARKETING_VERSION = 1.0;
				PRODUCT_BUNDLE_IDENTIFIER = studio.tri.cocoa.CrossLand2;
				PRODUCT_NAME = "$(TARGET_NAME)";
				SUPPORTED_PLATFORMS = "iphoneos iphonesimulator";
				SUPPORTS_MACCATALYST = YES;
				SUPPORTS_MAC_DESIGNED_FOR_IPHONE_IPAD = NO;
				SUPPORTS_XR_DESIGNED_FOR_IPHONE_IPAD = NO;
				SWIFT_EMIT_LOC_STRINGS = YES;
				SWIFT_VERSION = 5.0;
				TARGETED_DEVICE_FAMILY = "1,2";
				VERSIONING_SYSTEM = "apple-generic";
			};
			name = Debug;
		};
		5D4B3CB52B73B252000B9DAE /* Release */ = {
			isa = XCBuildConfiguration;
			buildSettings = {
				ASSETCATALOG_COMPILER_APPICON_NAME = AppIcon;
				ASSETCATALOG_COMPILER_GLOBAL_ACCENT_COLOR_NAME = AccentColor;
				CODE_SIGN_ENTITLEMENTS = CrossLand2/CrossLand2.entitlements;
				CODE_SIGN_STYLE = Automatic;
				CURRENT_PROJECT_VERSION = 53;
				DEVELOPMENT_TEAM = FXSVDYCN2P;
				"ENABLE_HARDENED_RUNTIME[sdk=macosx*]" = YES;
				ENABLE_USER_SCRIPT_SANDBOXING = NO;
				GENERATE_INFOPLIST_FILE = YES;
				INFOPLIST_FILE = CrossLand2/Info.plist;
				INFOPLIST_KEY_CFBundleDisplayName = CrossLand;
				INFOPLIST_KEY_LSApplicationCategoryType = "public.app-category.social-networking";
				INFOPLIST_KEY_UIApplicationSupportsIndirectInputEvents = YES;
				INFOPLIST_KEY_UILaunchStoryboardName = LaunchScreen;
				INFOPLIST_KEY_UIMainStoryboardFile = Main;
				INFOPLIST_KEY_UISupportedInterfaceOrientations_iPad = "UIInterfaceOrientationPortrait UIInterfaceOrientationPortraitUpsideDown UIInterfaceOrientationLandscapeLeft UIInterfaceOrientationLandscapeRight";
				INFOPLIST_KEY_UISupportedInterfaceOrientations_iPhone = "UIInterfaceOrientationPortrait UIInterfaceOrientationLandscapeLeft UIInterfaceOrientationLandscapeRight";
				IPHONEOS_DEPLOYMENT_TARGET = 14.0;
				LD_RUNPATH_SEARCH_PATHS = (
					"$(inherited)",
					"@executable_path/Frameworks",
				);
				MARKETING_VERSION = 1.0;
				PRODUCT_BUNDLE_IDENTIFIER = studio.tri.cocoa.CrossLand2;
				PRODUCT_NAME = "$(TARGET_NAME)";
				SUPPORTED_PLATFORMS = "iphoneos iphonesimulator";
				SUPPORTS_MACCATALYST = YES;
				SUPPORTS_MAC_DESIGNED_FOR_IPHONE_IPAD = NO;
				SUPPORTS_XR_DESIGNED_FOR_IPHONE_IPAD = NO;
				SWIFT_EMIT_LOC_STRINGS = YES;
				SWIFT_VERSION = 5.0;
				TARGETED_DEVICE_FAMILY = "1,2";
				VERSIONING_SYSTEM = "apple-generic";
			};
			name = Release;
		};
/* End XCBuildConfiguration section */

/* Begin XCConfigurationList section */
		5D4B3C972B73B24E000B9DAE /* Build configuration list for PBXProject "CrossLand2" */ = {
			isa = XCConfigurationList;
			buildConfigurations = (
				5D4B3CB12B73B252000B9DAE /* Debug */,
				5D4B3CB22B73B252000B9DAE /* Release */,
			);
			defaultConfigurationIsVisible = 0;
			defaultConfigurationName = Release;
		};
		5D4B3CB32B73B252000B9DAE /* Build configuration list for PBXNativeTarget "CrossLand2" */ = {
			isa = XCConfigurationList;
			buildConfigurations = (
				5D4B3CB42B73B252000B9DAE /* Debug */,
				5D4B3CB52B73B252000B9DAE /* Release */,
			);
			defaultConfigurationIsVisible = 0;
			defaultConfigurationName = Release;
		};
/* End XCConfigurationList section */

/* Begin XCRemoteSwiftPackageReference section */
		5D97311D2B8B1834009D3E60 /* XCRemoteSwiftPackageReference "SkeletonView" */ = {
			isa = XCRemoteSwiftPackageReference;
			repositoryURL = "https://github.com/Juanpe/SkeletonView.git";
			requirement = {
				kind = upToNextMajorVersion;
				minimumVersion = 1.30.4;
			};
		};
		5DA56A832B7B626B00ADFD08 /* XCRemoteSwiftPackageReference "SnapKit" */ = {
			isa = XCRemoteSwiftPackageReference;
			repositoryURL = "https://github.com/SnapKit/SnapKit.git";
			requirement = {
				kind = upToNextMajorVersion;
				minimumVersion = 5.7.0;
			};
		};
		5DA56A882B7B62F300ADFD08 /* XCRemoteSwiftPackageReference "Alamofire" */ = {
			isa = XCRemoteSwiftPackageReference;
			repositoryURL = "https://github.com/Alamofire/Alamofire.git";
			requirement = {
				kind = upToNextMajorVersion;
				minimumVersion = 5.8.1;
			};
		};
		5DA56A8B2B7B630800ADFD08 /* XCRemoteSwiftPackageReference "SwiftyJSON" */ = {
			isa = XCRemoteSwiftPackageReference;
			repositoryURL = "https://github.com/SwiftyJSON/SwiftyJSON.git";
			requirement = {
				kind = upToNextMajorVersion;
				minimumVersion = 5.0.1;
			};
		};
		5DA56A8E2B7B631E00ADFD08 /* XCRemoteSwiftPackageReference "AlamofireImage" */ = {
			isa = XCRemoteSwiftPackageReference;
			repositoryURL = "https://github.com/Alamofire/AlamofireImage.git";
			requirement = {
				kind = upToNextMajorVersion;
				minimumVersion = 4.3.0;
			};
		};
		5DB9B0972B7C423800E02925 /* XCRemoteSwiftPackageReference "Hero" */ = {
			isa = XCRemoteSwiftPackageReference;
			repositoryURL = "https://github.com/HeroTransitions/Hero.git";
			requirement = {
				kind = upToNextMajorVersion;
				minimumVersion = 1.6.3;
			};
		};
/* End XCRemoteSwiftPackageReference section */

/* Begin XCSwiftPackageProductDependency section */
		5D97311E2B8B1834009D3E60 /* SkeletonView */ = {
			isa = XCSwiftPackageProductDependency;
			package = 5D97311D2B8B1834009D3E60 /* XCRemoteSwiftPackageReference "SkeletonView" */;
			productName = SkeletonView;
		};
		5DA56A842B7B626B00ADFD08 /* SnapKit */ = {
			isa = XCSwiftPackageProductDependency;
			package = 5DA56A832B7B626B00ADFD08 /* XCRemoteSwiftPackageReference "SnapKit" */;
			productName = SnapKit;
		};
		5DA56A892B7B62F300ADFD08 /* Alamofire */ = {
			isa = XCSwiftPackageProductDependency;
			package = 5DA56A882B7B62F300ADFD08 /* XCRemoteSwiftPackageReference "Alamofire" */;
			productName = Alamofire;
		};
		5DA56A8C2B7B630800ADFD08 /* SwiftyJSON */ = {
			isa = XCSwiftPackageProductDependency;
			package = 5DA56A8B2B7B630800ADFD08 /* XCRemoteSwiftPackageReference "SwiftyJSON" */;
			productName = SwiftyJSON;
		};
		5DA56A8F2B7B631E00ADFD08 /* AlamofireImage */ = {
			isa = XCSwiftPackageProductDependency;
			package = 5DA56A8E2B7B631E00ADFD08 /* XCRemoteSwiftPackageReference "AlamofireImage" */;
			productName = AlamofireImage;
		};
		5DB9B0982B7C423900E02925 /* Hero */ = {
			isa = XCSwiftPackageProductDependency;
			package = 5DB9B0972B7C423800E02925 /* XCRemoteSwiftPackageReference "Hero" */;
			productName = Hero;
		};
/* End XCSwiftPackageProductDependency section */

/* Begin XCVersionGroup section */
		5D4B3CA82B73B24F000B9DAE /* CrossLand2.xcdatamodeld */ = {
			isa = XCVersionGroup;
			children = (
				5D4B3CA92B73B24F000B9DAE /* CrossLand2.xcdatamodel */,
			);
			currentVersion = 5D4B3CA92B73B24F000B9DAE /* CrossLand2.xcdatamodel */;
			path = CrossLand2.xcdatamodeld;
			sourceTree = "<group>";
			versionGroupType = wrapper.xcdatamodel;
		};
/* End XCVersionGroup section */
	};
	rootObject = 5D4B3C942B73B24E000B9DAE /* Project object */;
}
